// !$*UTF8*$!
{
	archiveVersion = 1;
	classes = {
	};
	objectVersion = 55;
	objects = {

/* Begin PBXBuildFile section */
		376FBEE328894B6F0020BA98 /* SwiftyLib.docc in Sources */ = {isa = PBXBuildFile; fileRef = 376FBEE228894B6F0020BA98 /* SwiftyLib.docc */; };
		376FBEE928894B6F0020BA98 /* SwiftyLib.framework in Frameworks */ = {isa = PBXBuildFile; fileRef = 376FBEDE28894B6F0020BA98 /* SwiftyLib.framework */; };
		376FBEEE28894B6F0020BA98 /* SwiftyLibTests.swift in Sources */ = {isa = PBXBuildFile; fileRef = 376FBEED28894B6F0020BA98 /* SwiftyLibTests.swift */; };
		376FBEEF28894B6F0020BA98 /* SwiftyLib.h in Headers */ = {isa = PBXBuildFile; fileRef = 376FBEE128894B6F0020BA98 /* SwiftyLib.h */; settings = {ATTRIBUTES = (Public, ); }; };
		376FBEFF28894C890020BA98 /* AppDelegate.swift in Sources */ = {isa = PBXBuildFile; fileRef = 376FBEFE28894C890020BA98 /* AppDelegate.swift */; };
		376FBF0128894C890020BA98 /* SceneDelegate.swift in Sources */ = {isa = PBXBuildFile; fileRef = 376FBF0028894C890020BA98 /* SceneDelegate.swift */; };
		376FBF0328894C890020BA98 /* ViewController.swift in Sources */ = {isa = PBXBuildFile; fileRef = 376FBF0228894C890020BA98 /* ViewController.swift */; };
		376FBF0628894C890020BA98 /* Main.storyboard in Resources */ = {isa = PBXBuildFile; fileRef = 376FBF0428894C890020BA98 /* Main.storyboard */; };
		376FBF0828894C8A0020BA98 /* Assets.xcassets in Resources */ = {isa = PBXBuildFile; fileRef = 376FBF0728894C8A0020BA98 /* Assets.xcassets */; };
		376FBF0B28894C8A0020BA98 /* LaunchScreen.storyboard in Resources */ = {isa = PBXBuildFile; fileRef = 376FBF0928894C8A0020BA98 /* LaunchScreen.storyboard */; };
/* End PBXBuildFile section */

/* Begin PBXContainerItemProxy section */
		376FBEEA28894B6F0020BA98 /* PBXContainerItemProxy */ = {
			isa = PBXContainerItemProxy;
			containerPortal = 376FBED528894B6F0020BA98 /* Project object */;
			proxyType = 1;
			remoteGlobalIDString = 376FBEDD28894B6F0020BA98;
			remoteInfo = SwiftyLib;
		};
/* End PBXContainerItemProxy section */

/* Begin PBXFileReference section */
		376FBEDE28894B6F0020BA98 /* SwiftyLib.framework */ = {isa = PBXFileReference; explicitFileType = wrapper.framework; includeInIndex = 0; path = SwiftyLib.framework; sourceTree = BUILT_PRODUCTS_DIR; };
		376FBEE128894B6F0020BA98 /* SwiftyLib.h */ = {isa = PBXFileReference; lastKnownFileType = sourcecode.c.h; path = SwiftyLib.h; sourceTree = "<group>"; };
		376FBEE228894B6F0020BA98 /* SwiftyLib.docc */ = {isa = PBXFileReference; lastKnownFileType = folder.documentationcatalog; path = SwiftyLib.docc; sourceTree = "<group>"; };
		376FBEE828894B6F0020BA98 /* SwiftyLibTests.xctest */ = {isa = PBXFileReference; explicitFileType = wrapper.cfbundle; includeInIndex = 0; path = SwiftyLibTests.xctest; sourceTree = BUILT_PRODUCTS_DIR; };
		376FBEED28894B6F0020BA98 /* SwiftyLibTests.swift */ = {isa = PBXFileReference; lastKnownFileType = sourcecode.swift; path = SwiftyLibTests.swift; sourceTree = "<group>"; };
		376FBEFC28894C890020BA98 /* SwiftyLibExample.app */ = {isa = PBXFileReference; explicitFileType = wrapper.application; includeInIndex = 0; path = SwiftyLibExample.app; sourceTree = BUILT_PRODUCTS_DIR; };
		376FBEFE28894C890020BA98 /* AppDelegate.swift */ = {isa = PBXFileReference; lastKnownFileType = sourcecode.swift; path = AppDelegate.swift; sourceTree = "<group>"; };
		376FBF0028894C890020BA98 /* SceneDelegate.swift */ = {isa = PBXFileReference; lastKnownFileType = sourcecode.swift; path = SceneDelegate.swift; sourceTree = "<group>"; };
		376FBF0228894C890020BA98 /* ViewController.swift */ = {isa = PBXFileReference; lastKnownFileType = sourcecode.swift; path = ViewController.swift; sourceTree = "<group>"; };
		376FBF0528894C890020BA98 /* Base */ = {isa = PBXFileReference; lastKnownFileType = file.storyboard; name = Base; path = Base.lproj/Main.storyboard; sourceTree = "<group>"; };
		376FBF0728894C8A0020BA98 /* Assets.xcassets */ = {isa = PBXFileReference; lastKnownFileType = folder.assetcatalog; path = Assets.xcassets; sourceTree = "<group>"; };
		376FBF0A28894C8A0020BA98 /* Base */ = {isa = PBXFileReference; lastKnownFileType = file.storyboard; name = Base; path = Base.lproj/LaunchScreen.storyboard; sourceTree = "<group>"; };
		376FBF0C28894C8A0020BA98 /* Info.plist */ = {isa = PBXFileReference; lastKnownFileType = text.plist.xml; path = Info.plist; sourceTree = "<group>"; };
/* End PBXFileReference section */

/* Begin PBXFrameworksBuildPhase section */
		376FBEDB28894B6F0020BA98 /* Frameworks */ = {
			isa = PBXFrameworksBuildPhase;
			buildActionMask = 2147483647;
			files = (
			);
			runOnlyForDeploymentPostprocessing = 0;
		};
		376FBEE528894B6F0020BA98 /* Frameworks */ = {
			isa = PBXFrameworksBuildPhase;
			buildActionMask = 2147483647;
			files = (
				376FBEE928894B6F0020BA98 /* SwiftyLib.framework in Frameworks */,
			);
			runOnlyForDeploymentPostprocessing = 0;
		};
		376FBEF928894C890020BA98 /* Frameworks */ = {
			isa = PBXFrameworksBuildPhase;
			buildActionMask = 2147483647;
			files = (
			);
			runOnlyForDeploymentPostprocessing = 0;
		};
/* End PBXFrameworksBuildPhase section */

/* Begin PBXGroup section */
		376FBED428894B6F0020BA98 = {
			isa = PBXGroup;
			children = (
				376FBEE028894B6F0020BA98 /* SwiftyLib */,
				376FBEEC28894B6F0020BA98 /* SwiftyLibTests */,
				376FBEFD28894C890020BA98 /* SwiftyLibExample */,
				376FBEDF28894B6F0020BA98 /* Products */,
			);
			sourceTree = "<group>";
		};
		376FBEDF28894B6F0020BA98 /* Products */ = {
			isa = PBXGroup;
			children = (
				376FBEDE28894B6F0020BA98 /* SwiftyLib.framework */,
				376FBEE828894B6F0020BA98 /* SwiftyLibTests.xctest */,
				376FBEFC28894C890020BA98 /* SwiftyLibExample.app */,
			);
			name = Products;
			sourceTree = "<group>";
		};
		376FBEE028894B6F0020BA98 /* SwiftyLib */ = {
			isa = PBXGroup;
			children = (
				376FBEE128894B6F0020BA98 /* SwiftyLib.h */,
				376FBEE228894B6F0020BA98 /* SwiftyLib.docc */,
			);
			path = SwiftyLib;
			sourceTree = "<group>";
		};
		376FBEEC28894B6F0020BA98 /* SwiftyLibTests */ = {
			isa = PBXGroup;
			children = (
				376FBEED28894B6F0020BA98 /* SwiftyLibTests.swift */,
			);
			path = SwiftyLibTests;
			sourceTree = "<group>";
		};
		376FBEFD28894C890020BA98 /* SwiftyLibExample */ = {
			isa = PBXGroup;
			children = (
				376FBEFE28894C890020BA98 /* AppDelegate.swift */,
				376FBF0028894C890020BA98 /* SceneDelegate.swift */,
				376FBF0228894C890020BA98 /* ViewController.swift */,
				376FBF0428894C890020BA98 /* Main.storyboard */,
				376FBF0728894C8A0020BA98 /* Assets.xcassets */,
				376FBF0928894C8A0020BA98 /* LaunchScreen.storyboard */,
				376FBF0C28894C8A0020BA98 /* Info.plist */,
			);
			path = SwiftyLibExample;
			sourceTree = "<group>";
		};
/* End PBXGroup section */

/* Begin PBXHeadersBuildPhase section */
		376FBED928894B6F0020BA98 /* Headers */ = {
			isa = PBXHeadersBuildPhase;
			buildActionMask = 2147483647;
			files = (
				376FBEEF28894B6F0020BA98 /* SwiftyLib.h in Headers */,
			);
			runOnlyForDeploymentPostprocessing = 0;
		};
/* End PBXHeadersBuildPhase section */

/* Begin PBXNativeTarget section */
		376FBEDD28894B6F0020BA98 /* SwiftyLib */ = {
			isa = PBXNativeTarget;
			buildConfigurationList = 376FBEF228894B6F0020BA98 /* Build configuration list for PBXNativeTarget "SwiftyLib" */;
			buildPhases = (
				376FBED928894B6F0020BA98 /* Headers */,
				376FBEDA28894B6F0020BA98 /* Sources */,
				376FBEDB28894B6F0020BA98 /* Frameworks */,
				376FBEDC28894B6F0020BA98 /* Resources */,
			);
			buildRules = (
			);
			dependencies = (
			);
			name = SwiftyLib;
			productName = SwiftyLib;
			productReference = 376FBEDE28894B6F0020BA98 /* SwiftyLib.framework */;
			productType = "com.apple.product-type.framework";
		};
		376FBEE728894B6F0020BA98 /* SwiftyLibTests */ = {
			isa = PBXNativeTarget;
			buildConfigurationList = 376FBEF528894B6F0020BA98 /* Build configuration list for PBXNativeTarget "SwiftyLibTests" */;
			buildPhases = (
				376FBEE428894B6F0020BA98 /* Sources */,
				376FBEE528894B6F0020BA98 /* Frameworks */,
				376FBEE628894B6F0020BA98 /* Resources */,
			);
			buildRules = (
			);
			dependencies = (
				376FBEEB28894B6F0020BA98 /* PBXTargetDependency */,
			);
			name = SwiftyLibTests;
			productName = SwiftyLibTests;
			productReference = 376FBEE828894B6F0020BA98 /* SwiftyLibTests.xctest */;
			productType = "com.apple.product-type.bundle.unit-test";
		};
		376FBEFB28894C890020BA98 /* SwiftyLibExample */ = {
			isa = PBXNativeTarget;
			buildConfigurationList = 376FBF0D28894C8A0020BA98 /* Build configuration list for PBXNativeTarget "SwiftyLibExample" */;
			buildPhases = (
				376FBEF828894C890020BA98 /* Sources */,
				376FBEF928894C890020BA98 /* Frameworks */,
				376FBEFA28894C890020BA98 /* Resources */,
			);
			buildRules = (
			);
			dependencies = (
			);
			name = SwiftyLibExample;
			productName = SwiftyLibExample;
			productReference = 376FBEFC28894C890020BA98 /* SwiftyLibExample.app */;
			productType = "com.apple.product-type.application";
		};
/* End PBXNativeTarget section */

/* Begin PBXProject section */
		376FBED528894B6F0020BA98 /* Project object */ = {
			isa = PBXProject;
			attributes = {
				BuildIndependentTargetsInParallel = 1;
				LastSwiftUpdateCheck = 1340;
				LastUpgradeCheck = 1340;
				TargetAttributes = {
					376FBEDD28894B6F0020BA98 = {
						CreatedOnToolsVersion = 13.4.1;
					};
					376FBEE728894B6F0020BA98 = {
						CreatedOnToolsVersion = 13.4.1;
					};
					376FBEFB28894C890020BA98 = {
						CreatedOnToolsVersion = 13.4.1;
					};
				};
			};
			buildConfigurationList = 376FBED828894B6F0020BA98 /* Build configuration list for PBXProject "SwiftyLib" */;
			compatibilityVersion = "Xcode 13.0";
			developmentRegion = en;
			hasScannedForEncodings = 0;
			knownRegions = (
				en,
				Base,
			);
			mainGroup = 376FBED428894B6F0020BA98;
			productRefGroup = 376FBEDF28894B6F0020BA98 /* Products */;
			projectDirPath = "";
			projectRoot = "";
			targets = (
				376FBEDD28894B6F0020BA98 /* SwiftyLib */,
				376FBEE728894B6F0020BA98 /* SwiftyLibTests */,
				376FBEFB28894C890020BA98 /* SwiftyLibExample */,
			);
		};
/* End PBXProject section */

/* Begin PBXResourcesBuildPhase section */
		376FBEDC28894B6F0020BA98 /* Resources */ = {
			isa = PBXResourcesBuildPhase;
			buildActionMask = 2147483647;
			files = (
			);
			runOnlyForDeploymentPostprocessing = 0;
		};
		376FBEE628894B6F0020BA98 /* Resources */ = {
			isa = PBXResourcesBuildPhase;
			buildActionMask = 2147483647;
			files = (
			);
			runOnlyForDeploymentPostprocessing = 0;
		};
		376FBEFA28894C890020BA98 /* Resources */ = {
			isa = PBXResourcesBuildPhase;
			buildActionMask = 2147483647;
			files = (
				376FBF0B28894C8A0020BA98 /* LaunchScreen.storyboard in Resources */,
				376FBF0828894C8A0020BA98 /* Assets.xcassets in Resources */,
				376FBF0628894C890020BA98 /* Main.storyboard in Resources */,
			);
			runOnlyForDeploymentPostprocessing = 0;
		};
/* End PBXResourcesBuildPhase section */

/* Begin PBXSourcesBuildPhase section */
		376FBEDA28894B6F0020BA98 /* Sources */ = {
			isa = PBXSourcesBuildPhase;
			buildActionMask = 2147483647;
			files = (
				376FBEE328894B6F0020BA98 /* SwiftyLib.docc in Sources */,
			);
			runOnlyForDeploymentPostprocessing = 0;
		};
		376FBEE428894B6F0020BA98 /* Sources */ = {
			isa = PBXSourcesBuildPhase;
			buildActionMask = 2147483647;
			files = (
				376FBEEE28894B6F0020BA98 /* SwiftyLibTests.swift in Sources */,
			);
			runOnlyForDeploymentPostprocessing = 0;
		};
		376FBEF828894C890020BA98 /* Sources */ = {
			isa = PBXSourcesBuildPhase;
			buildActionMask = 2147483647;
			files = (
				376FBF0328894C890020BA98 /* ViewController.swift in Sources */,
				376FBEFF28894C890020BA98 /* AppDelegate.swift in Sources */,
				376FBF0128894C890020BA98 /* SceneDelegate.swift in Sources */,
			);
			runOnlyForDeploymentPostprocessing = 0;
		};
/* End PBXSourcesBuildPhase section */

/* Begin PBXTargetDependency section */
		376FBEEB28894B6F0020BA98 /* PBXTargetDependency */ = {
			isa = PBXTargetDependency;
			target = 376FBEDD28894B6F0020BA98 /* SwiftyLib */;
			targetProxy = 376FBEEA28894B6F0020BA98 /* PBXContainerItemProxy */;
		};
/* End PBXTargetDependency section */

/* Begin PBXVariantGroup section */
		376FBF0428894C890020BA98 /* Main.storyboard */ = {
			isa = PBXVariantGroup;
			children = (
				376FBF0528894C890020BA98 /* Base */,
			);
			name = Main.storyboard;
			sourceTree = "<group>";
		};
		376FBF0928894C8A0020BA98 /* LaunchScreen.storyboard */ = {
			isa = PBXVariantGroup;
			children = (
				376FBF0A28894C8A0020BA98 /* Base */,
			);
			name = LaunchScreen.storyboard;
			sourceTree = "<group>";
		};
/* End PBXVariantGroup section */

/* Begin XCBuildConfiguration section */
		376FBEF028894B6F0020BA98 /* Debug */ = {
			isa = XCBuildConfiguration;
			buildSettings = {
				ALWAYS_SEARCH_USER_PATHS = NO;
				CLANG_ANALYZER_NONNULL = YES;
				CLANG_ANALYZER_NUMBER_OBJECT_CONVERSION = YES_AGGRESSIVE;
				CLANG_CXX_LANGUAGE_STANDARD = "gnu++17";
				CLANG_ENABLE_MODULES = YES;
				CLANG_ENABLE_OBJC_ARC = YES;
				CLANG_ENABLE_OBJC_WEAK = YES;
				CLANG_WARN_BLOCK_CAPTURE_AUTORELEASING = YES;
				CLANG_WARN_BOOL_CONVERSION = YES;
				CLANG_WARN_COMMA = YES;
				CLANG_WARN_CONSTANT_CONVERSION = YES;
				CLANG_WARN_DEPRECATED_OBJC_IMPLEMENTATIONS = YES;
				CLANG_WARN_DIRECT_OBJC_ISA_USAGE = YES_ERROR;
				CLANG_WARN_DOCUMENTATION_COMMENTS = YES;
				CLANG_WARN_EMPTY_BODY = YES;
				CLANG_WARN_ENUM_CONVERSION = YES;
				CLANG_WARN_INFINITE_RECURSION = YES;
				CLANG_WARN_INT_CONVERSION = YES;
				CLANG_WARN_NON_LITERAL_NULL_CONVERSION = YES;
				CLANG_WARN_OBJC_IMPLICIT_RETAIN_SELF = YES;
				CLANG_WARN_OBJC_LITERAL_CONVERSION = YES;
				CLANG_WARN_OBJC_ROOT_CLASS = YES_ERROR;
				CLANG_WARN_QUOTED_INCLUDE_IN_FRAMEWORK_HEADER = YES;
				CLANG_WARN_RANGE_LOOP_ANALYSIS = YES;
				CLANG_WARN_STRICT_PROTOTYPES = YES;
				CLANG_WARN_SUSPICIOUS_MOVE = YES;
				CLANG_WARN_UNGUARDED_AVAILABILITY = YES_AGGRESSIVE;
				CLANG_WARN_UNREACHABLE_CODE = YES;
				CLANG_WARN__DUPLICATE_METHOD_MATCH = YES;
				COPY_PHASE_STRIP = NO;
				CURRENT_PROJECT_VERSION = 1;
				DEBUG_INFORMATION_FORMAT = dwarf;
				ENABLE_STRICT_OBJC_MSGSEND = YES;
				ENABLE_TESTABILITY = YES;
				GCC_C_LANGUAGE_STANDARD = gnu11;
				GCC_DYNAMIC_NO_PIC = NO;
				GCC_NO_COMMON_BLOCKS = YES;
				GCC_OPTIMIZATION_LEVEL = 0;
				GCC_PREPROCESSOR_DEFINITIONS = (
					"DEBUG=1",
					"$(inherited)",
				);
				GCC_WARN_64_TO_32_BIT_CONVERSION = YES;
				GCC_WARN_ABOUT_RETURN_TYPE = YES_ERROR;
				GCC_WARN_UNDECLARED_SELECTOR = YES;
				GCC_WARN_UNINITIALIZED_AUTOS = YES_AGGRESSIVE;
				GCC_WARN_UNUSED_FUNCTION = YES;
				GCC_WARN_UNUSED_VARIABLE = YES;
				IPHONEOS_DEPLOYMENT_TARGET = 15.5;
				MTL_ENABLE_DEBUG_INFO = INCLUDE_SOURCE;
				MTL_FAST_MATH = YES;
				ONLY_ACTIVE_ARCH = YES;
				SDKROOT = iphoneos;
				SWIFT_ACTIVE_COMPILATION_CONDITIONS = DEBUG;
				SWIFT_OPTIMIZATION_LEVEL = "-Onone";
				VERSIONING_SYSTEM = "apple-generic";
				VERSION_INFO_PREFIX = "";
			};
			name = Debug;
		};
		376FBEF128894B6F0020BA98 /* Release */ = {
			isa = XCBuildConfiguration;
			buildSettings = {
				ALWAYS_SEARCH_USER_PATHS = NO;
				CLANG_ANALYZER_NONNULL = YES;
				CLANG_ANALYZER_NUMBER_OBJECT_CONVERSION = YES_AGGRESSIVE;
				CLANG_CXX_LANGUAGE_STANDARD = "gnu++17";
				CLANG_ENABLE_MODULES = YES;
				CLANG_ENABLE_OBJC_ARC = YES;
				CLANG_ENABLE_OBJC_WEAK = YES;
				CLANG_WARN_BLOCK_CAPTURE_AUTORELEASING = YES;
				CLANG_WARN_BOOL_CONVERSION = YES;
				CLANG_WARN_COMMA = YES;
				CLANG_WARN_CONSTANT_CONVERSION = YES;
				CLANG_WARN_DEPRECATED_OBJC_IMPLEMENTATIONS = YES;
				CLANG_WARN_DIRECT_OBJC_ISA_USAGE = YES_ERROR;
				CLANG_WARN_DOCUMENTATION_COMMENTS = YES;
				CLANG_WARN_EMPTY_BODY = YES;
				CLANG_WARN_ENUM_CONVERSION = YES;
				CLANG_WARN_INFINITE_RECURSION = YES;
				CLANG_WARN_INT_CONVERSION = YES;
				CLANG_WARN_NON_LITERAL_NULL_CONVERSION = YES;
				CLANG_WARN_OBJC_IMPLICIT_RETAIN_SELF = YES;
				CLANG_WARN_OBJC_LITERAL_CONVERSION = YES;
				CLANG_WARN_OBJC_ROOT_CLASS = YES_ERROR;
				CLANG_WARN_QUOTED_INCLUDE_IN_FRAMEWORK_HEADER = YES;
				CLANG_WARN_RANGE_LOOP_ANALYSIS = YES;
				CLANG_WARN_STRICT_PROTOTYPES = YES;
				CLANG_WARN_SUSPICIOUS_MOVE = YES;
				CLANG_WARN_UNGUARDED_AVAILABILITY = YES_AGGRESSIVE;
				CLANG_WARN_UNREACHABLE_CODE = YES;
				CLANG_WARN__DUPLICATE_METHOD_MATCH = YES;
				COPY_PHASE_STRIP = NO;
				CURRENT_PROJECT_VERSION = 1;
				DEBUG_INFORMATION_FORMAT = "dwarf-with-dsym";
				ENABLE_NS_ASSERTIONS = NO;
				ENABLE_STRICT_OBJC_MSGSEND = YES;
				GCC_C_LANGUAGE_STANDARD = gnu11;
				GCC_NO_COMMON_BLOCKS = YES;
				GCC_WARN_64_TO_32_BIT_CONVERSION = YES;
				GCC_WARN_ABOUT_RETURN_TYPE = YES_ERROR;
				GCC_WARN_UNDECLARED_SELECTOR = YES;
				GCC_WARN_UNINITIALIZED_AUTOS = YES_AGGRESSIVE;
				GCC_WARN_UNUSED_FUNCTION = YES;
				GCC_WARN_UNUSED_VARIABLE = YES;
				IPHONEOS_DEPLOYMENT_TARGET = 15.5;
				MTL_ENABLE_DEBUG_INFO = NO;
				MTL_FAST_MATH = YES;
				SDKROOT = iphoneos;
				SWIFT_COMPILATION_MODE = wholemodule;
				SWIFT_OPTIMIZATION_LEVEL = "-O";
				VALIDATE_PRODUCT = YES;
				VERSIONING_SYSTEM = "apple-generic";
				VERSION_INFO_PREFIX = "";
			};
			name = Release;
		};
		376FBEF328894B6F0020BA98 /* Debug */ = {
			isa = XCBuildConfiguration;
			buildSettings = {
				CODE_SIGN_STYLE = Automatic;
				CURRENT_PROJECT_VERSION = 1;
				DEFINES_MODULE = YES;
				DEVELOPMENT_TEAM = AVA9F9AUNX;
				DYLIB_COMPATIBILITY_VERSION = 1;
				DYLIB_CURRENT_VERSION = 1;
				DYLIB_INSTALL_NAME_BASE = "@rpath";
				GENERATE_INFOPLIST_FILE = YES;
				INFOPLIST_KEY_NSHumanReadableCopyright = "";
				INSTALL_PATH = "$(LOCAL_LIBRARY_DIR)/Frameworks";
				LD_RUNPATH_SEARCH_PATHS = (
					"$(inherited)",
					"@executable_path/Frameworks",
					"@loader_path/Frameworks",
				);
				MARKETING_VERSION = 1.0;
				PRODUCT_BUNDLE_IDENTIFIER = com.climax.SwiftyLib;
				PRODUCT_NAME = "$(TARGET_NAME:c99extidentifier)";
				SKIP_INSTALL = YES;
				SWIFT_EMIT_LOC_STRINGS = YES;
				SWIFT_VERSION = 5.0;
				TARGETED_DEVICE_FAMILY = "1,2";
			};
			name = Debug;
		};
		376FBEF428894B6F0020BA98 /* Release */ = {
			isa = XCBuildConfiguration;
			buildSettings = {
				CODE_SIGN_STYLE = Automatic;
				CURRENT_PROJECT_VERSION = 1;
				DEFINES_MODULE = YES;
				DEVELOPMENT_TEAM = AVA9F9AUNX;
				DYLIB_COMPATIBILITY_VERSION = 1;
				DYLIB_CURRENT_VERSION = 1;
				DYLIB_INSTALL_NAME_BASE = "@rpath";
				GENERATE_INFOPLIST_FILE = YES;
				INFOPLIST_KEY_NSHumanReadableCopyright = "";
				INSTALL_PATH = "$(LOCAL_LIBRARY_DIR)/Frameworks";
				LD_RUNPATH_SEARCH_PATHS = (
					"$(inherited)",
					"@executable_path/Frameworks",
					"@loader_path/Frameworks",
				);
				MARKETING_VERSION = 1.0;
				PRODUCT_BUNDLE_IDENTIFIER = com.climax.SwiftyLib;
				PRODUCT_NAME = "$(TARGET_NAME:c99extidentifier)";
				SKIP_INSTALL = YES;
				SWIFT_EMIT_LOC_STRINGS = YES;
				SWIFT_VERSION = 5.0;
				TARGETED_DEVICE_FAMILY = "1,2";
			};
			name = Release;
		};
		376FBEF628894B6F0020BA98 /* Debug */ = {
			isa = XCBuildConfiguration;
			buildSettings = {
				CODE_SIGN_STYLE = Automatic;
				CURRENT_PROJECT_VERSION = 1;
				DEVELOPMENT_TEAM = AVA9F9AUNX;
				GENERATE_INFOPLIST_FILE = YES;
				MARKETING_VERSION = 1.0;
				PRODUCT_BUNDLE_IDENTIFIER = com.climax.SwiftyLibTests;
				PRODUCT_NAME = "$(TARGET_NAME)";
				SWIFT_EMIT_LOC_STRINGS = NO;
				SWIFT_VERSION = 5.0;
				TARGETED_DEVICE_FAMILY = "1,2";
			};
			name = Debug;
		};
		376FBEF728894B6F0020BA98 /* Release */ = {
			isa = XCBuildConfiguration;
			buildSettings = {
				CODE_SIGN_STYLE = Automatic;
				CURRENT_PROJECT_VERSION = 1;
				DEVELOPMENT_TEAM = AVA9F9AUNX;
				GENERATE_INFOPLIST_FILE = YES;
				MARKETING_VERSION = 1.0;
				PRODUCT_BUNDLE_IDENTIFIER = com.climax.SwiftyLibTests;
				PRODUCT_NAME = "$(TARGET_NAME)";
				SWIFT_EMIT_LOC_STRINGS = NO;
				SWIFT_VERSION = 5.0;
				TARGETED_DEVICE_FAMILY = "1,2";
			};
			name = Release;
		};
		376FBF0E28894C8A0020BA98 /* Debug */ = {
			isa = XCBuildConfiguration;
			buildSettings = {
				ASSETCATALOG_COMPILER_APPICON_NAME = AppIcon;
				ASSETCATALOG_COMPILER_GLOBAL_ACCENT_COLOR_NAME = AccentColor;
				CODE_SIGN_STYLE = Automatic;
				CURRENT_PROJECT_VERSION = 1;
				DEVELOPMENT_TEAM = AVA9F9AUNX;
				GENERATE_INFOPLIST_FILE = YES;
				INFOPLIST_FILE = SwiftyLibExample/Info.plist;
				INFOPLIST_KEY_UIApplicationSupportsIndirectInputEvents = YES;
				INFOPLIST_KEY_UILaunchStoryboardName = LaunchScreen;
				INFOPLIST_KEY_UIMainStoryboardFile = Main;
				INFOPLIST_KEY_UISupportedInterfaceOrientations_iPad = "UIInterfaceOrientationPortrait UIInterfaceOrientationPortraitUpsideDown UIInterfaceOrientationLandscapeLeft UIInterfaceOrientationLandscapeRight";
				INFOPLIST_KEY_UISupportedInterfaceOrientations_iPhone = "UIInterfaceOrientationPortrait UIInterfaceOrientationLandscapeLeft UIInterfaceOrientationLandscapeRight";
				LD_RUNPATH_SEARCH_PATHS = (
					"$(inherited)",
					"@executable_path/Frameworks",
				);
				MARKETING_VERSION = 1.0;
				PRODUCT_BUNDLE_IDENTIFIER = com.climax.SwiftyLibExample;
				PRODUCT_NAME = "$(TARGET_NAME)";
				SWIFT_EMIT_LOC_STRINGS = YES;
				SWIFT_VERSION = 5.0;
				TARGETED_DEVICE_FAMILY = "1,2";
			};
			name = Debug;
		};
		376FBF0F28894C8A0020BA98 /* Release */ = {
			isa = XCBuildConfiguration;
			buildSettings = {
				ASSETCATALOG_COMPILER_APPICON_NAME = AppIcon;
				ASSETCATALOG_COMPILER_GLOBAL_ACCENT_COLOR_NAME = AccentColor;
				CODE_SIGN_STYLE = Automatic;
				CURRENT_PROJECT_VERSION = 1;
				DEVELOPMENT_TEAM = AVA9F9AUNX;
				GENERATE_INFOPLIST_FILE = YES;
				INFOPLIST_FILE = SwiftyLibExample/Info.plist;
				INFOPLIST_KEY_UIApplicationSupportsIndirectInputEvents = YES;
				INFOPLIST_KEY_UILaunchStoryboardName = LaunchScreen;
				INFOPLIST_KEY_UIMainStoryboardFile = Main;
				INFOPLIST_KEY_UISupportedInterfaceOrientations_iPad = "UIInterfaceOrientationPortrait UIInterfaceOrientationPortraitUpsideDown UIInterfaceOrientationLandscapeLeft UIInterfaceOrientationLandscapeRight";
				INFOPLIST_KEY_UISupportedInterfaceOrientations_iPhone = "UIInterfaceOrientationPortrait UIInterfaceOrientationLandscapeLeft UIInterfaceOrientationLandscapeRight";
				LD_RUNPATH_SEARCH_PATHS = (
					"$(inherited)",
					"@executable_path/Frameworks",
				);
				MARKETING_VERSION = 1.0;
				PRODUCT_BUNDLE_IDENTIFIER = com.climax.SwiftyLibExample;
				PRODUCT_NAME = "$(TARGET_NAME)";
				SWIFT_EMIT_LOC_STRINGS = YES;
				SWIFT_VERSION = 5.0;
				TARGETED_DEVICE_FAMILY = "1,2";
			};
			name = Release;
		};
/* End XCBuildConfiguration section */

/* Begin XCConfigurationList section */
		376FBED828894B6F0020BA98 /* Build configuration list for PBXProject "SwiftyLib" */ = {
			isa = XCConfigurationList;
			buildConfigurations = (
				376FBEF028894B6F0020BA98 /* Debug */,
				376FBEF128894B6F0020BA98 /* Release */,
			);
			defaultConfigurationIsVisible = 0;
			defaultConfigurationName = Release;
		};
		376FBEF228894B6F0020BA98 /* Build configuration list for PBXNativeTarget "SwiftyLib" */ = {
			isa = XCConfigurationList;
			buildConfigurations = (
				376FBEF328894B6F0020BA98 /* Debug */,
				376FBEF428894B6F0020BA98 /* Release */,
			);
			defaultConfigurationIsVisible = 0;
			defaultConfigurationName = Release;
		};
		376FBEF528894B6F0020BA98 /* Build configuration list for PBXNativeTarget "SwiftyLibTests" */ = {
			isa = XCConfigurationList;
			buildConfigurations = (
				376FBEF628894B6F0020BA98 /* Debug */,
				376FBEF728894B6F0020BA98 /* Release */,
			);
			defaultConfigurationIsVisible = 0;
			defaultConfigurationName = Release;
		};
		376FBF0D28894C8A0020BA98 /* Build configuration list for PBXNativeTarget "SwiftyLibExample" */ = {
			isa = XCConfigurationList;
			buildConfigurations = (
				376FBF0E28894C8A0020BA98 /* Debug */,
				376FBF0F28894C8A0020BA98 /* Release */,
			);
			defaultConfigurationIsVisible = 0;
			defaultConfigurationName = Release;
		};
/* End XCConfigurationList section */
	};
	rootObject = 376FBED528894B6F0020BA98 /* Project object */;
}
